
Microsoft Visual Studio Solution File, Format Version 12.00
Project("{FAE04EC0-301F-11D3-BF4B-00C04F79EFBC}") = "AspNetCoreChannelsAndBackgroundServices", "AspNetCoreChannelsAndBackgroundServices.csproj", "{F55B76F5-109D-447B-8370-820D8690C478}"
EndProject
Global
	GlobalSection(SolutionConfigurationPlatforms) = preSolution
		Debug|Any CPU = Debug|Any CPU
		Release|Any CPU = Release|Any CPU
	EndGlobalSection
	GlobalSection(ProjectConfigurationPlatforms) = postSolution
		{F55B76F5-109D-447B-8370-820D8690C478}.Debug|Any CPU.ActiveCfg = Debug|Any CPU
		{F55B76F5-109D-447B-8370-820D8690C478}.Debug|Any CPU.Build.0 = Debug|Any CPU
		{F55B76F5-109D-447B-8370-820D8690C478}.Release|Any CPU.ActiveCfg = Release|Any CPU
		{F55B76F5-109D-447B-8370-820D8690C478}.Release|Any CPU.Build.0 = Release|Any CPU
	EndGlobalSection
EndGlobal
